
Microsoft Visual Studio Solution File, Format Version 12.00
# Visual Studio Version 17
VisualStudioVersion = 17.0.31903.59
MinimumVisualStudioVersion = 10.0.40219.1
Project("{FAE04EC0-301F-11D3-BF4B-00C04F79EFBC}") = "API", "API\API.csproj", "{7FC84C9C-CEF5-4F5C-B2F0-E99DC37CCA1C}"
EndProject
Project("{FAE04EC0-301F-11D3-BF4B-00C04F79EFBC}") = "Core", "Core\Core.csproj", "{596B9353-04BC-4C90-84F8-0170A8931744}"
EndProject
Project("{FAE04EC0-301F-11D3-BF4B-00C04F79EFBC}") = "Infrastructure", "Infrastructure\Infrastructure.csproj", "{0049CB96-B026-4A44-BE39-AEDF0D6E237A}"
EndProject
Global
	GlobalSection(SolutionConfigurationPlatforms) = preSolution
		Debug|Any CPU = Debug|Any CPU
		Release|Any CPU = Release|Any CPU
	EndGlobalSection
	GlobalSection(SolutionProperties) = preSolution
		HideSolutionNode = FALSE
	EndGlobalSection
	GlobalSection(ProjectConfigurationPlatforms) = postSolution
		{7FC84C9C-CEF5-4F5C-B2F0-E99DC37CCA1C}.Debug|Any CPU.ActiveCfg = Debug|Any CPU
		{7FC84C9C-CEF5-4F5C-B2F0-E99DC37CCA1C}.Debug|Any CPU.Build.0 = Debug|Any CPU
		{7FC84C9C-CEF5-4F5C-B2F0-E99DC37CCA1C}.Release|Any CPU.ActiveCfg = Release|Any CPU
		{7FC84C9C-CEF5-4F5C-B2F0-E99DC37CCA1C}.Release|Any CPU.Build.0 = Release|Any CPU
		{596B9353-04BC-4C90-84F8-0170A8931744}.Debug|Any CPU.ActiveCfg = Debug|Any CPU
		{596B9353-04BC-4C90-84F8-0170A8931744}.Debug|Any CPU.Build.0 = Debug|Any CPU
		{596B9353-04BC-4C90-84F8-0170A8931744}.Release|Any CPU.ActiveCfg = Release|Any CPU
		{596B9353-04BC-4C90-84F8-0170A8931744}.Release|Any CPU.Build.0 = Release|Any CPU
		{0049CB96-B026-4A44-BE39-AEDF0D6E237A}.Debug|Any CPU.ActiveCfg = Debug|Any CPU
		{0049CB96-B026-4A44-BE39-AEDF0D6E237A}.Debug|Any CPU.Build.0 = Debug|Any CPU
		{0049CB96-B026-4A44-BE39-AEDF0D6E237A}.Release|Any CPU.ActiveCfg = Release|Any CPU
		{0049CB96-B026-4A44-BE39-AEDF0D6E237A}.Release|Any CPU.Build.0 = Release|Any CPU
	EndGlobalSection
EndGlobal
